{
  "name": "himalaya",
  "version": "1.0.0",
  "lockfileVersion": 1,
  "requires": true,
  "dependencies": {
    "stickybits": {
      "version": "3.7.4",
      "resolved": "https://registry.npmjs.org/stickybits/-/stickybits-3.7.4.tgz",
      "integrity": "sha512-LpafB8R4b2x4b4itMrxl4Geq4Y7Nq7KMrGvM5h2tjjWBaVCGGZtfAhSmVJrUYJRsSzvMjIv4ItS9874BZhW9pA=="
    }
  }
}
